
Microsoft Visual Studio Solution File, Format Version 12.00
# Visual Studio Version 16
VisualStudioVersion = 16.0.30907.101
MinimumVisualStudioVersion = 10.0.40219.1
Project("{FAE04EC0-301F-11D3-BF4B-00C04F79EFBC}") = "lazy_loading", "lazy_loading\lazy_loading.csproj", "{BEB361AC-5347-4569-B435-B42FF457992B}"
EndProject
Global
	GlobalSection(SolutionConfigurationPlatforms) = preSolution
		Debug|Any CPU = Debug|Any CPU
		Release|Any CPU = Release|Any CPU
	EndGlobalSection
	GlobalSection(ProjectConfigurationPlatforms) = postSolution
		{BEB361AC-5347-4569-B435-B42FF457992B}.Debug|Any CPU.ActiveCfg = Debug|Any CPU
		{BEB361AC-5347-4569-B435-B42FF457992B}.Debug|Any CPU.Build.0 = Debug|Any CPU
		{BEB361AC-5347-4569-B435-B42FF457992B}.Release|Any CPU.ActiveCfg = Release|Any CPU
		{BEB361AC-5347-4569-B435-B42FF457992B}.Release|Any CPU.Build.0 = Release|Any CPU
	EndGlobalSection
	GlobalSection(SolutionProperties) = preSolution
		HideSolutionNode = FALSE
	EndGlobalSection
	GlobalSection(ExtensibilityGlobals) = postSolution
		SolutionGuid = {FB48DF65-92B4-49EC-98C0-54EACCAC8DA9}
	EndGlobalSection
EndGlobal
